// !$*UTF8*$!
{
	archiveVersion = 1;
	classes = {
	};
	objectVersion = 48;
	objects = {

/* Begin PBXBuildFile section */
		CB80CFF31FF5EB6100217CC6 /* AppDelegate.swift in Sources */ = {isa = PBXBuildFile; fileRef = CB80CFF21FF5EB6100217CC6 /* AppDelegate.swift */; };
		CB80CFF51FF5EB6100217CC6 /* ViewController.swift in Sources */ = {isa = PBXBuildFile; fileRef = CB80CFF41FF5EB6100217CC6 /* ViewController.swift */; };
		CB80CFF71FF5EB6100217CC6 /* Assets.xcassets in Resources */ = {isa = PBXBuildFile; fileRef = CB80CFF61FF5EB6100217CC6 /* Assets.xcassets */; };
		CB80CFFA1FF5EB6100217CC6 /* Main.storyboard in Resources */ = {isa = PBXBuildFile; fileRef = CB80CFF81FF5EB6100217CC6 /* Main.storyboard */; };
		CB80D0061FF5EB6100217CC6 /* WSCTimerMacTests.swift in Sources */ = {isa = PBXBuildFile; fileRef = CB80D0051FF5EB6100217CC6 /* WSCTimerMacTests.swift */; };
		CB80D0111FF5EB6200217CC6 /* WSCTimerMacUITests.swift in Sources */ = {isa = PBXBuildFile; fileRef = CB80D0101FF5EB6200217CC6 /* WSCTimerMacUITests.swift */; };
/* End PBXBuildFile section */

/* Begin PBXContainerItemProxy section */
		CB80D0021FF5EB6100217CC6 /* PBXContainerItemProxy */ = {
			isa = PBXContainerItemProxy;
			containerPortal = CB80CFE71FF5EB6100217CC6 /* Project object */;
			proxyType = 1;
			remoteGlobalIDString = CB80CFEE1FF5EB6100217CC6;
			remoteInfo = WSCTimerMac;
		};
		CB80D00D1FF5EB6200217CC6 /* PBXContainerItemProxy */ = {
			isa = PBXContainerItemProxy;
			containerPortal = CB80CFE71FF5EB6100217CC6 /* Project object */;
			proxyType = 1;
			remoteGlobalIDString = CB80CFEE1FF5EB6100217CC6;
			remoteInfo = WSCTimerMac;
		};
/* End PBXContainerItemProxy section */

/* Begin PBXFileReference section */
		CB80CFEF1FF5EB6100217CC6 /* WSCTimerMac.app */ = {isa = PBXFileReference; explicitFileType = wrapper.application; includeInIndex = 0; path = WSCTimerMac.app; sourceTree = BUILT_PRODUCTS_DIR; };
		CB80CFF21FF5EB6100217CC6 /* AppDelegate.swift */ = {isa = PBXFileReference; lastKnownFileType = sourcecode.swift; path = AppDelegate.swift; sourceTree = "<group>"; };
		CB80CFF41FF5EB6100217CC6 /* ViewController.swift */ = {isa = PBXFileReference; lastKnownFileType = sourcecode.swift; path = ViewController.swift; sourceTree = "<group>"; };
		CB80CFF61FF5EB6100217CC6 /* Assets.xcassets */ = {isa = PBXFileReference; lastKnownFileType = folder.assetcatalog; path = Assets.xcassets; sourceTree = "<group>"; };
		CB80CFF91FF5EB6100217CC6 /* Base */ = {isa = PBXFileReference; lastKnownFileType = file.storyboard; name = Base; path = Base.lproj/Main.storyboard; sourceTree = "<group>"; };
		CB80CFFB1FF5EB6100217CC6 /* Info.plist */ = {isa = PBXFileReference; lastKnownFileType = text.plist.xml; path = Info.plist; sourceTree = "<group>"; };
		CB80CFFC1FF5EB6100217CC6 /* WSCTimerMac.entitlements */ = {isa = PBXFileReference; lastKnownFileType = text.plist.entitlements; path = WSCTimerMac.entitlements; sourceTree = "<group>"; };
		CB80D0011FF5EB6100217CC6 /* WSCTimerMacTests.xctest */ = {isa = PBXFileReference; explicitFileType = wrapper.cfbundle; includeInIndex = 0; path = WSCTimerMacTests.xctest; sourceTree = BUILT_PRODUCTS_DIR; };
		CB80D0051FF5EB6100217CC6 /* WSCTimerMacTests.swift */ = {isa = PBXFileReference; lastKnownFileType = sourcecode.swift; path = WSCTimerMacTests.swift; sourceTree = "<group>"; };
		CB80D0071FF5EB6100217CC6 /* Info.plist */ = {isa = PBXFileReference; lastKnownFileType = text.plist.xml; path = Info.plist; sourceTree = "<group>"; };
		CB80D00C1FF5EB6200217CC6 /* WSCTimerMacUITests.xctest */ = {isa = PBXFileReference; explicitFileType = wrapper.cfbundle; includeInIndex = 0; path = WSCTimerMacUITests.xctest; sourceTree = BUILT_PRODUCTS_DIR; };
		CB80D0101FF5EB6200217CC6 /* WSCTimerMacUITests.swift */ = {isa = PBXFileReference; lastKnownFileType = sourcecode.swift; path = WSCTimerMacUITests.swift; sourceTree = "<group>"; };
		CB80D0121FF5EB6200217CC6 /* Info.plist */ = {isa = PBXFileReference; lastKnownFileType = text.plist.xml; path = Info.plist; sourceTree = "<group>"; };
/* End PBXFileReference section */

/* Begin PBXFrameworksBuildPhase section */
		CB80CFEC1FF5EB6100217CC6 /* Frameworks */ = {
			isa = PBXFrameworksBuildPhase;
			buildActionMask = 2147483647;
			files = (
			);
			runOnlyForDeploymentPostprocessing = 0;
		};
		CB80CFFE1FF5EB6100217CC6 /* Frameworks */ = {
			isa = PBXFrameworksBuildPhase;
			buildActionMask = 2147483647;
			files = (
			);
			runOnlyForDeploymentPostprocessing = 0;
		};
		CB80D0091FF5EB6200217CC6 /* Frameworks */ = {
			isa = PBXFrameworksBuildPhase;
			buildActionMask = 2147483647;
			files = (
			);
			runOnlyForDeploymentPostprocessing = 0;
		};
/* End PBXFrameworksBuildPhase section */

/* Begin PBXGroup section */
		CB80CFE61FF5EB6100217CC6 = {
			isa = PBXGroup;
			children = (
				CB80CFF11FF5EB6100217CC6 /* WSCTimerMac */,
				CB80D0041FF5EB6100217CC6 /* WSCTimerMacTests */,
				CB80D00F1FF5EB6200217CC6 /* WSCTimerMacUITests */,
				CB80CFF01FF5EB6100217CC6 /* Products */,
			);
			sourceTree = "<group>";
		};
		CB80CFF01FF5EB6100217CC6 /* Products */ = {
			isa = PBXGroup;
			children = (
				CB80CFEF1FF5EB6100217CC6 /* WSCTimerMac.app */,
				CB80D0011FF5EB6100217CC6 /* WSCTimerMacTests.xctest */,
				CB80D00C1FF5EB6200217CC6 /* WSCTimerMacUITests.xctest */,
			);
			name = Products;
			sourceTree = "<group>";
		};
		CB80CFF11FF5EB6100217CC6 /* WSCTimerMac */ = {
			isa = PBXGroup;
			children = (
				CB80CFF21FF5EB6100217CC6 /* AppDelegate.swift */,
				CB80CFF41FF5EB6100217CC6 /* ViewController.swift */,
				CB80CFF61FF5EB6100217CC6 /* Assets.xcassets */,
				CB80CFF81FF5EB6100217CC6 /* Main.storyboard */,
				CB80CFFB1FF5EB6100217CC6 /* Info.plist */,
				CB80CFFC1FF5EB6100217CC6 /* WSCTimerMac.entitlements */,
			);
			path = WSCTimerMac;
			sourceTree = "<group>";
		};
		CB80D0041FF5EB6100217CC6 /* WSCTimerMacTests */ = {
			isa = PBXGroup;
			children = (
				CB80D0051FF5EB6100217CC6 /* WSCTimerMacTests.swift */,
				CB80D0071FF5EB6100217CC6 /* Info.plist */,
			);
			path = WSCTimerMacTests;
			sourceTree = "<group>";
		};
		CB80D00F1FF5EB6200217CC6 /* WSCTimerMacUITests */ = {
			isa = PBXGroup;
			children = (
				CB80D0101FF5EB6200217CC6 /* WSCTimerMacUITests.swift */,
				CB80D0121FF5EB6200217CC6 /* Info.plist */,
			);
			path = WSCTimerMacUITests;
			sourceTree = "<group>";
		};
/* End PBXGroup section */

/* Begin PBXNativeTarget section */
		CB80CFEE1FF5EB6100217CC6 /* WSCTimerMac */ = {
			isa = PBXNativeTarget;
			buildConfigurationList = CB80D0151FF5EB6200217CC6 /* Build configuration list for PBXNativeTarget "WSCTimerMac" */;
			buildPhases = (
				CB80CFEB1FF5EB6100217CC6 /* Sources */,
				CB80CFEC1FF5EB6100217CC6 /* Frameworks */,
				CB80CFED1FF5EB6100217CC6 /* Resources */,
			);
			buildRules = (
			);
			dependencies = (
			);
			name = WSCTimerMac;
			productName = WSCTimerMac;
			productReference = CB80CFEF1FF5EB6100217CC6 /* WSCTimerMac.app */;
			productType = "com.apple.product-type.application";
		};
		CB80D0001FF5EB6100217CC6 /* WSCTimerMacTests */ = {
			isa = PBXNativeTarget;
			buildConfigurationList = CB80D0181FF5EB6200217CC6 /* Build configuration list for PBXNativeTarget "WSCTimerMacTests" */;
			buildPhases = (
				CB80CFFD1FF5EB6100217CC6 /* Sources */,
				CB80CFFE1FF5EB6100217CC6 /* Frameworks */,
				CB80CFFF1FF5EB6100217CC6 /* Resources */,
			);
			buildRules = (
			);
			dependencies = (
				CB80D0031FF5EB6100217CC6 /* PBXTargetDependency */,
			);
			name = WSCTimerMacTests;
			productName = WSCTimerMacTests;
			productReference = CB80D0011FF5EB6100217CC6 /* WSCTimerMacTests.xctest */;
			productType = "com.apple.product-type.bundle.unit-test";
		};
		CB80D00B1FF5EB6200217CC6 /* WSCTimerMacUITests */ = {
			isa = PBXNativeTarget;
			buildConfigurationList = CB80D01B1FF5EB6200217CC6 /* Build configuration list for PBXNativeTarget "WSCTimerMacUITests" */;
			buildPhases = (
				CB80D0081FF5EB6200217CC6 /* Sources */,
				CB80D0091FF5EB6200217CC6 /* Frameworks */,
				CB80D00A1FF5EB6200217CC6 /* Resources */,
			);
			buildRules = (
			);
			dependencies = (
				CB80D00E1FF5EB6200217CC6 /* PBXTargetDependency */,
			);
			name = WSCTimerMacUITests;
			productName = WSCTimerMacUITests;
			productReference = CB80D00C1FF5EB6200217CC6 /* WSCTimerMacUITests.xctest */;
			productType = "com.apple.product-type.bundle.ui-testing";
		};
/* End PBXNativeTarget section */

/* Begin PBXProject section */
		CB80CFE71FF5EB6100217CC6 /* Project object */ = {
			isa = PBXProject;
			attributes = {
				LastSwiftUpdateCheck = 0920;
				LastUpgradeCheck = 0920;
				ORGANIZATIONNAME = "Tengoku no Spoa";
				TargetAttributes = {
					CB80CFEE1FF5EB6100217CC6 = {
						CreatedOnToolsVersion = 9.2;
						ProvisioningStyle = Automatic;
					};
					CB80D0001FF5EB6100217CC6 = {
						CreatedOnToolsVersion = 9.2;
						ProvisioningStyle = Automatic;
						TestTargetID = CB80CFEE1FF5EB6100217CC6;
					};
					CB80D00B1FF5EB6200217CC6 = {
						CreatedOnToolsVersion = 9.2;
						ProvisioningStyle = Automatic;
						TestTargetID = CB80CFEE1FF5EB6100217CC6;
					};
				};
			};
			buildConfigurationList = CB80CFEA1FF5EB6100217CC6 /* Build configuration list for PBXProject "WSCTimerMac" */;
			compatibilityVersion = "Xcode 8.0";
			developmentRegion = en;
			hasScannedForEncodings = 0;
			knownRegions = (
				en,
				Base,
			);
			mainGroup = CB80CFE61FF5EB6100217CC6;
			productRefGroup = CB80CFF01FF5EB6100217CC6 /* Products */;
			projectDirPath = "";
			projectRoot = "";
			targets = (
				CB80CFEE1FF5EB6100217CC6 /* WSCTimerMac */,
				CB80D0001FF5EB6100217CC6 /* WSCTimerMacTests */,
				CB80D00B1FF5EB6200217CC6 /* WSCTimerMacUITests */,
			);
		};
/* End PBXProject section */

/* Begin PBXResourcesBuildPhase section */
		CB80CFED1FF5EB6100217CC6 /* Resources */ = {
			isa = PBXResourcesBuildPhase;
			buildActionMask = 2147483647;
			files = (
				CB80CFF71FF5EB6100217CC6 /* Assets.xcassets in Resources */,
				CB80CFFA1FF5EB6100217CC6 /* Main.storyboard in Resources */,
			);
			runOnlyForDeploymentPostprocessing = 0;
		};
		CB80CFFF1FF5EB6100217CC6 /* Resources */ = {
			isa = PBXResourcesBuildPhase;
			buildActionMask = 2147483647;
			files = (
			);
			runOnlyForDeploymentPostprocessing = 0;
		};
		CB80D00A1FF5EB6200217CC6 /* Resources */ = {
			isa = PBXResourcesBuildPhase;
			buildActionMask = 2147483647;
			files = (
			);
			runOnlyForDeploymentPostprocessing = 0;
		};
/* End PBXResourcesBuildPhase section */

/* Begin PBXSourcesBuildPhase section */
		CB80CFEB1FF5EB6100217CC6 /* Sources */ = {
			isa = PBXSourcesBuildPhase;
			buildActionMask = 2147483647;
			files = (
				CB80CFF51FF5EB6100217CC6 /* ViewController.swift in Sources */,
				CB80CFF31FF5EB6100217CC6 /* AppDelegate.swift in Sources */,
			);
			runOnlyForDeploymentPostprocessing = 0;
		};
		CB80CFFD1FF5EB6100217CC6 /* Sources */ = {
			isa = PBXSourcesBuildPhase;
			buildActionMask = 2147483647;
			files = (
				CB80D0061FF5EB6100217CC6 /* WSCTimerMacTests.swift in Sources */,
			);
			runOnlyForDeploymentPostprocessing = 0;
		};
		CB80D0081FF5EB6200217CC6 /* Sources */ = {
			isa = PBXSourcesBuildPhase;
			buildActionMask = 2147483647;
			files = (
				CB80D0111FF5EB6200217CC6 /* WSCTimerMacUITests.swift in Sources */,
			);
			runOnlyForDeploymentPostprocessing = 0;
		};
/* End PBXSourcesBuildPhase section */

/* Begin PBXTargetDependency section */
		CB80D0031FF5EB6100217CC6 /* PBXTargetDependency */ = {
			isa = PBXTargetDependency;
			target = CB80CFEE1FF5EB6100217CC6 /* WSCTimerMac */;
			targetProxy = CB80D0021FF5EB6100217CC6 /* PBXContainerItemProxy */;
		};
		CB80D00E1FF5EB6200217CC6 /* PBXTargetDependency */ = {
			isa = PBXTargetDependency;
			target = CB80CFEE1FF5EB6100217CC6 /* WSCTimerMac */;
			targetProxy = CB80D00D1FF5EB6200217CC6 /* PBXContainerItemProxy */;
		};
/* End PBXTargetDependency section */

/* Begin PBXVariantGroup section */
		CB80CFF81FF5EB6100217CC6 /* Main.storyboard */ = {
			isa = PBXVariantGroup;
			children = (
				CB80CFF91FF5EB6100217CC6 /* Base */,
			);
			name = Main.storyboard;
			sourceTree = "<group>";
		};
/* End PBXVariantGroup section */

/* Begin XCBuildConfiguration section */
		CB80D0131FF5EB6200217CC6 /* Debug */ = {
			isa = XCBuildConfiguration;
			buildSettings = {
				ALWAYS_SEARCH_USER_PATHS = NO;
				CLANG_ANALYZER_NONNULL = YES;
				CLANG_ANALYZER_NUMBER_OBJECT_CONVERSION = YES_AGGRESSIVE;
				CLANG_CXX_LANGUAGE_STANDARD = "gnu++14";
				CLANG_CXX_LIBRARY = "libc++";
				CLANG_ENABLE_MODULES = YES;
				CLANG_ENABLE_OBJC_ARC = YES;
				CLANG_WARN_BLOCK_CAPTURE_AUTORELEASING = YES;
				CLANG_WARN_BOOL_CONVERSION = YES;
				CLANG_WARN_COMMA = YES;
				CLANG_WARN_CONSTANT_CONVERSION = YES;
				CLANG_WARN_DIRECT_OBJC_ISA_USAGE = YES_ERROR;
				CLANG_WARN_DOCUMENTATION_COMMENTS = YES;
				CLANG_WARN_EMPTY_BODY = YES;
				CLANG_WARN_ENUM_CONVERSION = YES;
				CLANG_WARN_INFINITE_RECURSION = YES;
				CLANG_WARN_INT_CONVERSION = YES;
				CLANG_WARN_NON_LITERAL_NULL_CONVERSION = YES;
				CLANG_WARN_OBJC_LITERAL_CONVERSION = YES;
				CLANG_WARN_OBJC_ROOT_CLASS = YES_ERROR;
				CLANG_WARN_RANGE_LOOP_ANALYSIS = YES;
				CLANG_WARN_STRICT_PROTOTYPES = YES;
				CLANG_WARN_SUSPICIOUS_MOVE = YES;
				CLANG_WARN_UNGUARDED_AVAILABILITY = YES_AGGRESSIVE;
				CLANG_WARN_UNREACHABLE_CODE = YES;
				CLANG_WARN__DUPLICATE_METHOD_MATCH = YES;
				CODE_SIGN_IDENTITY = "Mac Developer";
				COPY_PHASE_STRIP = NO;
				DEBUG_INFORMATION_FORMAT = dwarf;
				ENABLE_STRICT_OBJC_MSGSEND = YES;
				ENABLE_TESTABILITY = YES;
				GCC_C_LANGUAGE_STANDARD = gnu11;
				GCC_DYNAMIC_NO_PIC = NO;
				GCC_NO_COMMON_BLOCKS = YES;
				GCC_OPTIMIZATION_LEVEL = 0;
				GCC_PREPROCESSOR_DEFINITIONS = (
					"DEBUG=1",
					"$(inherited)",
				);
				GCC_WARN_64_TO_32_BIT_CONVERSION = YES;
				GCC_WARN_ABOUT_RETURN_TYPE = YES_ERROR;
				GCC_WARN_UNDECLARED_SELECTOR = YES;
				GCC_WARN_UNINITIALIZED_AUTOS = YES_AGGRESSIVE;
				GCC_WARN_UNUSED_FUNCTION = YES;
				GCC_WARN_UNUSED_VARIABLE = YES;
				MACOSX_DEPLOYMENT_TARGET = 10.13;
				MTL_ENABLE_DEBUG_INFO = YES;
				ONLY_ACTIVE_ARCH = YES;
				SDKROOT = macosx;
				SWIFT_ACTIVE_COMPILATION_CONDITIONS = DEBUG;
				SWIFT_INCLUDE_PATHS = "";
				SWIFT_OPTIMIZATION_LEVEL = "-Onone";
				SWIFT_VERSION = 4.0;
			};
			name = Debug;
		};
		CB80D0141FF5EB6200217CC6 /* Release */ = {
			isa = XCBuildConfiguration;
			buildSettings = {
				ALWAYS_SEARCH_USER_PATHS = NO;
				CLANG_ANALYZER_NONNULL = YES;
				CLANG_ANALYZER_NUMBER_OBJECT_CONVERSION = YES_AGGRESSIVE;
				CLANG_CXX_LANGUAGE_STANDARD = "gnu++14";
				CLANG_CXX_LIBRARY = "libc++";
				CLANG_ENABLE_MODULES = YES;
				CLANG_ENABLE_OBJC_ARC = YES;
				CLANG_WARN_BLOCK_CAPTURE_AUTORELEASING = YES;
				CLANG_WARN_BOOL_CONVERSION = YES;
				CLANG_WARN_COMMA = YES;
				CLANG_WARN_CONSTANT_CONVERSION = YES;
				CLANG_WARN_DIRECT_OBJC_ISA_USAGE = YES_ERROR;
				CLANG_WARN_DOCUMENTATION_COMMENTS = YES;
				CLANG_WARN_EMPTY_BODY = YES;
				CLANG_WARN_ENUM_CONVERSION = YES;
				CLANG_WARN_INFINITE_RECURSION = YES;
				CLANG_WARN_INT_CONVERSION = YES;
				CLANG_WARN_NON_LITERAL_NULL_CONVERSION = YES;
				CLANG_WARN_OBJC_LITERAL_CONVERSION = YES;
				CLANG_WARN_OBJC_ROOT_CLASS = YES_ERROR;
				CLANG_WARN_RANGE_LOOP_ANALYSIS = YES;
				CLANG_WARN_STRICT_PROTOTYPES = YES;
				CLANG_WARN_SUSPICIOUS_MOVE = YES;
				CLANG_WARN_UNGUARDED_AVAILABILITY = YES_AGGRESSIVE;
				CLANG_WARN_UNREACHABLE_CODE = YES;
				CLANG_WARN__DUPLICATE_METHOD_MATCH = YES;
				CODE_SIGN_IDENTITY = "Mac Developer";
				COPY_PHASE_STRIP = NO;
				DEBUG_INFORMATION_FORMAT = "dwarf-with-dsym";
				ENABLE_NS_ASSERTIONS = NO;
				ENABLE_STRICT_OBJC_MSGSEND = YES;
				GCC_C_LANGUAGE_STANDARD = gnu11;
				GCC_NO_COMMON_BLOCKS = YES;
				GCC_WARN_64_TO_32_BIT_CONVERSION = YES;
				GCC_WARN_ABOUT_RETURN_TYPE = YES_ERROR;
				GCC_WARN_UNDECLARED_SELECTOR = YES;
				GCC_WARN_UNINITIALIZED_AUTOS = YES_AGGRESSIVE;
				GCC_WARN_UNUSED_FUNCTION = YES;
				GCC_WARN_UNUSED_VARIABLE = YES;
				MACOSX_DEPLOYMENT_TARGET = 10.13;
				MTL_ENABLE_DEBUG_INFO = NO;
				SDKROOT = macosx;
				SWIFT_INCLUDE_PATHS = "";
				SWIFT_OPTIMIZATION_LEVEL = "-Owholemodule";
				SWIFT_VERSION = 4.0;
			};
			name = Release;
		};
		CB80D0161FF5EB6200217CC6 /* Debug */ = {
			isa = XCBuildConfiguration;
			buildSettings = {
				ALWAYS_EMBED_SWIFT_STANDARD_LIBRARIES = NO;
				ASSETCATALOG_COMPILER_APPICON_NAME = AppIcon;
				CODE_SIGN_ENTITLEMENTS = WSCTimerMac/WSCTimerMac.entitlements;
				CODE_SIGN_IDENTITY = "Mac Developer";
				CODE_SIGN_STYLE = Automatic;
				COMBINE_HIDPI_IMAGES = YES;
				DEVELOPMENT_TEAM = DLW9CMP935;
				INFOPLIST_FILE = WSCTimerMac/Info.plist;
				LD_RUNPATH_SEARCH_PATHS = "$(inherited) @executable_path/../Frameworks";
				MACOSX_DEPLOYMENT_TARGET = 10.13;
				PRODUCT_BUNDLE_IDENTIFIER = com.JCIDITD.WSCTimerMac;
				PRODUCT_NAME = "$(TARGET_NAME)";
				PROVISIONING_PROFILE_SPECIFIER = "";
				SWIFT_VERSION = 4.0;
			};
			name = Debug;
		};
		CB80D0171FF5EB6200217CC6 /* Release */ = {
			isa = XCBuildConfiguration;
			buildSettings = {
				ALWAYS_EMBED_SWIFT_STANDARD_LIBRARIES = NO;
				ASSETCATALOG_COMPILER_APPICON_NAME = AppIcon;
				CODE_SIGN_ENTITLEMENTS = WSCTimerMac/WSCTimerMac.entitlements;
				CODE_SIGN_IDENTITY = "Mac Developer";
				CODE_SIGN_STYLE = Automatic;
				COMBINE_HIDPI_IMAGES = YES;
				DEVELOPMENT_TEAM = DLW9CMP935;
				INFOPLIST_FILE = WSCTimerMac/Info.plist;
				LD_RUNPATH_SEARCH_PATHS = "$(inherited) @executable_path/../Frameworks";
				MACOSX_DEPLOYMENT_TARGET = 10.13;
				PRODUCT_BUNDLE_IDENTIFIER = com.JCIDITD.WSCTimerMac;
				PRODUCT_NAME = "$(TARGET_NAME)";
				PROVISIONING_PROFILE_SPECIFIER = "";
				SWIFT_VERSION = 4.0;
			};
			name = Release;
		};
		CB80D0191FF5EB6200217CC6 /* Debug */ = {
			isa = XCBuildConfiguration;
			buildSettings = {
				ALWAYS_EMBED_SWIFT_STANDARD_LIBRARIES = YES;
				BUNDLE_LOADER = "$(TEST_HOST)";
				CODE_SIGN_STYLE = Automatic;
				COMBINE_HIDPI_IMAGES = YES;
				DEVELOPMENT_TEAM = DLW9CMP935;
				INFOPLIST_FILE = WSCTimerMacTests/Info.plist;
				LD_RUNPATH_SEARCH_PATHS = "$(inherited) @executable_path/../Frameworks @loader_path/../Frameworks";
				PRODUCT_BUNDLE_IDENTIFIER = com.JCIDITD.WSCTimerMacTests;
				PRODUCT_NAME = "$(TARGET_NAME)";
				SWIFT_VERSION = 4.0;
				TEST_HOST = "$(BUILT_PRODUCTS_DIR)/WSCTimerMac.app/Contents/MacOS/WSCTimerMac";
			};
			name = Debug;
		};
		CB80D01A1FF5EB6200217CC6 /* Release */ = {
			isa = XCBuildConfiguration;
			buildSettings = {
				ALWAYS_EMBED_SWIFT_STANDARD_LIBRARIES = YES;
				BUNDLE_LOADER = "$(TEST_HOST)";
				CODE_SIGN_STYLE = Automatic;
				COMBINE_HIDPI_IMAGES = YES;
				DEVELOPMENT_TEAM = DLW9CMP935;
				INFOPLIST_FILE = WSCTimerMacTests/Info.plist;
				LD_RUNPATH_SEARCH_PATHS = "$(inherited) @executable_path/../Frameworks @loader_path/../Frameworks";
				PRODUCT_BUNDLE_IDENTIFIER = com.JCIDITD.WSCTimerMacTests;
				PRODUCT_NAME = "$(TARGET_NAME)";
				SWIFT_VERSION = 4.0;
				TEST_HOST = "$(BUILT_PRODUCTS_DIR)/WSCTimerMac.app/Contents/MacOS/WSCTimerMac";
			};
			name = Release;
		};
		CB80D01C1FF5EB6200217CC6 /* Debug */ = {
			isa = XCBuildConfiguration;
			buildSettings = {
				ALWAYS_EMBED_SWIFT_STANDARD_LIBRARIES = YES;
				CODE_SIGN_STYLE = Automatic;
				COMBINE_HIDPI_IMAGES = YES;
				DEVELOPMENT_TEAM = DLW9CMP935;
				INFOPLIST_FILE = WSCTimerMacUITests/Info.plist;
				LD_RUNPATH_SEARCH_PATHS = "$(inherited) @executable_path/../Frameworks @loader_path/../Frameworks";
				PRODUCT_BUNDLE_IDENTIFIER = com.JCIDITD.WSCTimerMacUITests;
				PRODUCT_NAME = "$(TARGET_NAME)";
				SWIFT_VERSION = 4.0;
				TEST_TARGET_NAME = WSCTimerMac;
			};
			name = Debug;
		};
		CB80D01D1FF5EB6200217CC6 /* Release */ = {
			isa = XCBuildConfiguration;
			buildSettings = {
				ALWAYS_EMBED_SWIFT_STANDARD_LIBRARIES = YES;
				CODE_SIGN_STYLE = Automatic;
				COMBINE_HIDPI_IMAGES = YES;
				DEVELOPMENT_TEAM = DLW9CMP935;
				INFOPLIST_FILE = WSCTimerMacUITests/Info.plist;
				LD_RUNPATH_SEARCH_PATHS = "$(inherited) @executable_path/../Frameworks @loader_path/../Frameworks";
				PRODUCT_BUNDLE_IDENTIFIER = com.JCIDITD.WSCTimerMacUITests;
				PRODUCT_NAME = "$(TARGET_NAME)";
				SWIFT_VERSION = 4.0;
				TEST_TARGET_NAME = WSCTimerMac;
			};
			name = Release;
		};
/* End XCBuildConfiguration section */

/* Begin XCConfigurationList section */
		CB80CFEA1FF5EB6100217CC6 /* Build configuration list for PBXProject "WSCTimerMac" */ = {
			isa = XCConfigurationList;
			buildConfigurations = (
				CB80D0131FF5EB6200217CC6 /* Debug */,
				CB80D0141FF5EB6200217CC6 /* Release */,
			);
			defaultConfigurationIsVisible = 0;
			defaultConfigurationName = Debug;
		};
		CB80D0151FF5EB6200217CC6 /* Build configuration list for PBXNativeTarget "WSCTimerMac" */ = {
			isa = XCConfigurationList;
			buildConfigurations = (
				CB80D0161FF5EB6200217CC6 /* Debug */,
				CB80D0171FF5EB6200217CC6 /* Release */,
			);
			defaultConfigurationIsVisible = 0;
			defaultConfigurationName = Debug;
		};
		CB80D0181FF5EB6200217CC6 /* Build configuration list for PBXNativeTarget "WSCTimerMacTests" */ = {
			isa = XCConfigurationList;
			buildConfigurations = (
				CB80D0191FF5EB6200217CC6 /* Debug */,
				CB80D01A1FF5EB6200217CC6 /* Release */,
			);
			defaultConfigurationIsVisible = 0;
			defaultConfigurationName = Debug;
		};
		CB80D01B1FF5EB6200217CC6 /* Build configuration list for PBXNativeTarget "WSCTimerMacUITests" */ = {
			isa = XCConfigurationList;
			buildConfigurations = (
				CB80D01C1FF5EB6200217CC6 /* Debug */,
				CB80D01D1FF5EB6200217CC6 /* Release */,
			);
			defaultConfigurationIsVisible = 0;
			defaultConfigurationName = Debug;
		};
/* End XCConfigurationList section */
	};
	rootObject = CB80CFE71FF5EB6100217CC6 /* Project object */;
}
